
Microsoft Visual Studio Solution File, Format Version 12.00
# Visual Studio 2012
Project("{FAE04EC0-301F-11D3-BF4B-00C04F79EFBC}") = "TableViewDemo", "TableViewDemo\TableViewDemo.csproj", "{71CF567D-BF02-41FA-91A4-329D79267623}"
EndProject
Global
	GlobalSection(SolutionConfigurationPlatforms) = preSolution
		Debug|iPhoneSimulator = Debug|iPhoneSimulator
		Release|iPhoneSimulator = Release|iPhoneSimulator
		Debug|iPhone = Debug|iPhone
		Release|iPhone = Release|iPhone
		Ad-Hoc|iPhone = Ad-Hoc|iPhone
		AppStore|iPhone = AppStore|iPhone
	EndGlobalSection
	GlobalSection(ProjectConfigurationPlatforms) = postSolution
		{71CF567D-BF02-41FA-91A4-329D79267623}.Ad-Hoc|iPhone.ActiveCfg = Ad-Hoc|iPhone
		{71CF567D-BF02-41FA-91A4-329D79267623}.Ad-Hoc|iPhone.Build.0 = Ad-Hoc|iPhone
		{71CF567D-BF02-41FA-91A4-329D79267623}.AppStore|iPhone.ActiveCfg = AppStore|iPhone
		{71CF567D-BF02-41FA-91A4-329D79267623}.AppStore|iPhone.Build.0 = AppStore|iPhone
		{71CF567D-BF02-41FA-91A4-329D79267623}.Debug|iPhone.ActiveCfg = Debug|iPhone
		{71CF567D-BF02-41FA-91A4-329D79267623}.Debug|iPhone.Build.0 = Debug|iPhone
		{71CF567D-BF02-41FA-91A4-329D79267623}.Debug|iPhoneSimulator.ActiveCfg = Debug|iPhoneSimulator
		{71CF567D-BF02-41FA-91A4-329D79267623}.Debug|iPhoneSimulator.Build.0 = Debug|iPhoneSimulator
		{71CF567D-BF02-41FA-91A4-329D79267623}.Release|iPhone.ActiveCfg = Release|iPhone
		{71CF567D-BF02-41FA-91A4-329D79267623}.Release|iPhone.Build.0 = Release|iPhone
		{71CF567D-BF02-41FA-91A4-329D79267623}.Release|iPhoneSimulator.ActiveCfg = Release|iPhoneSimulator
		{71CF567D-BF02-41FA-91A4-329D79267623}.Release|iPhoneSimulator.Build.0 = Release|iPhoneSimulator
	EndGlobalSection
EndGlobal
